
Microsoft Visual Studio Solution File, Format Version 12.00
# Visual Studio 15
VisualStudioVersion = 15.0.27428.2027
MinimumVisualStudioVersion = 10.0.40219.1
Project("{77522282-A055-4351-B12C-4968AF57AE9E}") = "ClassificationClient", "ClassificationClient\ClassificationClient.csproj", "{F7D7F011-8EFE-4D9E-B575-E740DB63D10E}"
EndProject
Global
	GlobalSection(SolutionConfigurationPlatforms) = preSolution
		Debug|Any CPU = Debug|Any CPU
		Release|Any CPU = Release|Any CPU
	EndGlobalSection
	GlobalSection(ProjectConfigurationPlatforms) = postSolution
		{F7D7F011-8EFE-4D9E-B575-E740DB63D10E}.Debug|Any CPU.ActiveCfg = Debug|Any CPU
		{F7D7F011-8EFE-4D9E-B575-E740DB63D10E}.Debug|Any CPU.Build.0 = Debug|Any CPU
		{F7D7F011-8EFE-4D9E-B575-E740DB63D10E}.Release|Any CPU.ActiveCfg = Release|Any CPU
		{F7D7F011-8EFE-4D9E-B575-E740DB63D10E}.Release|Any CPU.Build.0 = Release|Any CPU
	EndGlobalSection
	GlobalSection(SolutionProperties) = preSolution
		HideSolutionNode = FALSE
	EndGlobalSection
	GlobalSection(ExtensibilityGlobals) = postSolution
		SolutionGuid = {FCC73153-6E2D-4786-82F3-2AAADB032E3A}
	EndGlobalSection
EndGlobal
